
Microsoft Visual Studio Solution File, Format Version 12.00
# Visual Studio 15
VisualStudioVersion = 15.0.28307.1169
MinimumVisualStudioVersion = 10.0.40219.1
Project("{9A19103F-16F7-4668-BE54-9A1E7A4F7556}") = "CESI-INFAL235", "CESI-INFAL235\CESI-INFAL235.csproj", "{1DED8418-B4B8-42C2-AA51-FBAD05CD0F71}"
EndProject
Project("{FAE04EC0-301F-11D3-BF4B-00C04F79EFBC}") = "ApiClient", "ApiClient\ApiClient.csproj", "{98ECAD96-BF87-4CFB-B509-DA5A5B715C2B}"
EndProject
Project("{FAE04EC0-301F-11D3-BF4B-00C04F79EFBC}") = "TestThreading", "TestThreading\TestThreading.csproj", "{2AA2DAD8-4081-4D12-8E79-2076F5D5E503}"
EndProject
Global
	GlobalSection(SolutionConfigurationPlatforms) = preSolution
		Debug|Any CPU = Debug|Any CPU
		Debug|ARM = Debug|ARM
		Debug|ARM64 = Debug|ARM64
		Debug|x64 = Debug|x64
		Debug|x86 = Debug|x86
		Release|Any CPU = Release|Any CPU
		Release|ARM = Release|ARM
		Release|ARM64 = Release|ARM64
		Release|x64 = Release|x64
		Release|x86 = Release|x86
	EndGlobalSection
	GlobalSection(ProjectConfigurationPlatforms) = postSolution
		{1DED8418-B4B8-42C2-AA51-FBAD05CD0F71}.Debug|Any CPU.ActiveCfg = Debug|Any CPU
		{1DED8418-B4B8-42C2-AA51-FBAD05CD0F71}.Debug|Any CPU.Build.0 = Debug|Any CPU
		{1DED8418-B4B8-42C2-AA51-FBAD05CD0F71}.Debug|ARM.ActiveCfg = Debug|Any CPU
		{1DED8418-B4B8-42C2-AA51-FBAD05CD0F71}.Debug|ARM.Build.0 = Debug|Any CPU
		{1DED8418-B4B8-42C2-AA51-FBAD05CD0F71}.Debug|ARM64.ActiveCfg = Debug|Any CPU
		{1DED8418-B4B8-42C2-AA51-FBAD05CD0F71}.Debug|ARM64.Build.0 = Debug|Any CPU
		{1DED8418-B4B8-42C2-AA51-FBAD05CD0F71}.Debug|x64.ActiveCfg = Debug|Any CPU
		{1DED8418-B4B8-42C2-AA51-FBAD05CD0F71}.Debug|x64.Build.0 = Debug|Any CPU
		{1DED8418-B4B8-42C2-AA51-FBAD05CD0F71}.Debug|x86.ActiveCfg = Debug|Any CPU
		{1DED8418-B4B8-42C2-AA51-FBAD05CD0F71}.Debug|x86.Build.0 = Debug|Any CPU
		{1DED8418-B4B8-42C2-AA51-FBAD05CD0F71}.Release|Any CPU.ActiveCfg = Release|Any CPU
		{1DED8418-B4B8-42C2-AA51-FBAD05CD0F71}.Release|Any CPU.Build.0 = Release|Any CPU
		{1DED8418-B4B8-42C2-AA51-FBAD05CD0F71}.Release|ARM.ActiveCfg = Release|Any CPU
		{1DED8418-B4B8-42C2-AA51-FBAD05CD0F71}.Release|ARM.Build.0 = Release|Any CPU
		{1DED8418-B4B8-42C2-AA51-FBAD05CD0F71}.Release|ARM64.ActiveCfg = Release|Any CPU
		{1DED8418-B4B8-42C2-AA51-FBAD05CD0F71}.Release|ARM64.Build.0 = Release|Any CPU
		{1DED8418-B4B8-42C2-AA51-FBAD05CD0F71}.Release|x64.ActiveCfg = Release|Any CPU
		{1DED8418-B4B8-42C2-AA51-FBAD05CD0F71}.Release|x64.Build.0 = Release|Any CPU
		{1DED8418-B4B8-42C2-AA51-FBAD05CD0F71}.Release|x86.ActiveCfg = Release|Any CPU
		{1DED8418-B4B8-42C2-AA51-FBAD05CD0F71}.Release|x86.Build.0 = Release|Any CPU
		{98ECAD96-BF87-4CFB-B509-DA5A5B715C2B}.Debug|Any CPU.ActiveCfg = Debug|Any CPU
		{98ECAD96-BF87-4CFB-B509-DA5A5B715C2B}.Debug|Any CPU.Build.0 = Debug|Any CPU
		{98ECAD96-BF87-4CFB-B509-DA5A5B715C2B}.Debug|ARM.ActiveCfg = Debug|Any CPU
		{98ECAD96-BF87-4CFB-B509-DA5A5B715C2B}.Debug|ARM.Build.0 = Debug|Any CPU
		{98ECAD96-BF87-4CFB-B509-DA5A5B715C2B}.Debug|ARM64.ActiveCfg = Debug|Any CPU
		{98ECAD96-BF87-4CFB-B509-DA5A5B715C2B}.Debug|ARM64.Build.0 = Debug|Any CPU
		{98ECAD96-BF87-4CFB-B509-DA5A5B715C2B}.Debug|x64.ActiveCfg = Debug|Any CPU
		{98ECAD96-BF87-4CFB-B509-DA5A5B715C2B}.Debug|x64.Build.0 = Debug|Any CPU
		{98ECAD96-BF87-4CFB-B509-DA5A5B715C2B}.Debug|x86.ActiveCfg = Debug|Any CPU
		{98ECAD96-BF87-4CFB-B509-DA5A5B715C2B}.Debug|x86.Build.0 = Debug|Any CPU
		{98ECAD96-BF87-4CFB-B509-DA5A5B715C2B}.Release|Any CPU.ActiveCfg = Release|Any CPU
		{98ECAD96-BF87-4CFB-B509-DA5A5B715C2B}.Release|Any CPU.Build.0 = Release|Any CPU
		{98ECAD96-BF87-4CFB-B509-DA5A5B715C2B}.Release|ARM.ActiveCfg = Release|Any CPU
		{98ECAD96-BF87-4CFB-B509-DA5A5B715C2B}.Release|ARM.Build.0 = Release|Any CPU
		{98ECAD96-BF87-4CFB-B509-DA5A5B715C2B}.Release|ARM64.ActiveCfg = Release|Any CPU
		{98ECAD96-BF87-4CFB-B509-DA5A5B715C2B}.Release|ARM64.Build.0 = Release|Any CPU
		{98ECAD96-BF87-4CFB-B509-DA5A5B715C2B}.Release|x64.ActiveCfg = Release|Any CPU
		{98ECAD96-BF87-4CFB-B509-DA5A5B715C2B}.Release|x64.Build.0 = Release|Any CPU
		{98ECAD96-BF87-4CFB-B509-DA5A5B715C2B}.Release|x86.ActiveCfg = Release|Any CPU
		{98ECAD96-BF87-4CFB-B509-DA5A5B715C2B}.Release|x86.Build.0 = Release|Any CPU
		{2AA2DAD8-4081-4D12-8E79-2076F5D5E503}.Debug|Any CPU.ActiveCfg = Debug|Any CPU
		{2AA2DAD8-4081-4D12-8E79-2076F5D5E503}.Debug|Any CPU.Build.0 = Debug|Any CPU
		{2AA2DAD8-4081-4D12-8E79-2076F5D5E503}.Debug|ARM.ActiveCfg = Debug|Any CPU
		{2AA2DAD8-4081-4D12-8E79-2076F5D5E503}.Debug|ARM.Build.0 = Debug|Any CPU
		{2AA2DAD8-4081-4D12-8E79-2076F5D5E503}.Debug|ARM64.ActiveCfg = Debug|Any CPU
		{2AA2DAD8-4081-4D12-8E79-2076F5D5E503}.Debug|ARM64.Build.0 = Debug|Any CPU
		{2AA2DAD8-4081-4D12-8E79-2076F5D5E503}.Debug|x64.ActiveCfg = Debug|Any CPU
		{2AA2DAD8-4081-4D12-8E79-2076F5D5E503}.Debug|x64.Build.0 = Debug|Any CPU
		{2AA2DAD8-4081-4D12-8E79-2076F5D5E503}.Debug|x86.ActiveCfg = Debug|Any CPU
		{2AA2DAD8-4081-4D12-8E79-2076F5D5E503}.Debug|x86.Build.0 = Debug|Any CPU
		{2AA2DAD8-4081-4D12-8E79-2076F5D5E503}.Release|Any CPU.ActiveCfg = Release|Any CPU
		{2AA2DAD8-4081-4D12-8E79-2076F5D5E503}.Release|Any CPU.Build.0 = Release|Any CPU
		{2AA2DAD8-4081-4D12-8E79-2076F5D5E503}.Release|ARM.ActiveCfg = Release|Any CPU
		{2AA2DAD8-4081-4D12-8E79-2076F5D5E503}.Release|ARM.Build.0 = Release|Any CPU
		{2AA2DAD8-4081-4D12-8E79-2076F5D5E503}.Release|ARM64.ActiveCfg = Release|Any CPU
		{2AA2DAD8-4081-4D12-8E79-2076F5D5E503}.Release|ARM64.Build.0 = Release|Any CPU
		{2AA2DAD8-4081-4D12-8E79-2076F5D5E503}.Release|x64.ActiveCfg = Release|Any CPU
		{2AA2DAD8-4081-4D12-8E79-2076F5D5E503}.Release|x64.Build.0 = Release|Any CPU
		{2AA2DAD8-4081-4D12-8E79-2076F5D5E503}.Release|x86.ActiveCfg = Release|Any CPU
		{2AA2DAD8-4081-4D12-8E79-2076F5D5E503}.Release|x86.Build.0 = Release|Any CPU
	EndGlobalSection
	GlobalSection(SolutionProperties) = preSolution
		HideSolutionNode = FALSE
	EndGlobalSection
	GlobalSection(ExtensibilityGlobals) = postSolution
		SolutionGuid = {2027249E-88D3-4D66-8055-1DE4C1FEA249}
	EndGlobalSection
EndGlobal
